Microsoft Visual Studio Solution File, Format Version 11.00
# Visual Studio 2008

Project("{FAFBEF8E-A292-1B7A-D9FC-AA6D5C523655}") = "Nave", "Assembly-CSharp.csproj", "{2AD33F32-CC4A-F4E2-1766-DAD8C0460BA8}"
EndProject
Global
	GlobalSection(SolutionConfigurationPlatforms) = preSolution
		Debug|Any CPU = Debug|Any CPU
		Release|Any CPU = Release|Any CPU
	EndGlobalSection
	GlobalSection(ProjectConfigurationPlatforms) = postSolution
		{2AD33F32-CC4A-F4E2-1766-DAD8C0460BA8}.Debug|Any CPU.ActiveCfg = Debug|Any CPU
		{2AD33F32-CC4A-F4E2-1766-DAD8C0460BA8}.Debug|Any CPU.Build.0 = Debug|Any CPU
		{2AD33F32-CC4A-F4E2-1766-DAD8C0460BA8}.Release|Any CPU.ActiveCfg = Release|Any CPU
		{2AD33F32-CC4A-F4E2-1766-DAD8C0460BA8}.Release|Any CPU.Build.0 = Release|Any CPU
	EndGlobalSection
	GlobalSection(SolutionProperties) = preSolution
		HideSolutionNode = FALSE
	EndGlobalSection
	GlobalSection(MonoDevelopProperties) = preSolution
		StartupItem = Assembly-CSharp.csproj
	EndGlobalSection
EndGlobal
